
Microsoft Visual Studio Solution File, Format Version 12.00
# Visual Studio Version 17
VisualStudioVersion = 17.7.34202.233
MinimumVisualStudioVersion = 10.0.40219.1
Project("{FAE04EC0-301F-11D3-BF4B-00C04F79EFBC}") = "IdentitycrudMVC", "IdentitycrudMVC.csproj", "{ED0CE97D-42C1-4452-B652-6BD05C6215AC}"
EndProject
Global
	GlobalSection(SolutionConfigurationPlatforms) = preSolution
		Debug|Any CPU = Debug|Any CPU
		Release|Any CPU = Release|Any CPU
	EndGlobalSection
	GlobalSection(ProjectConfigurationPlatforms) = postSolution
		{ED0CE97D-42C1-4452-B652-6BD05C6215AC}.Debug|Any CPU.ActiveCfg = Debug|Any CPU
		{ED0CE97D-42C1-4452-B652-6BD05C6215AC}.Debug|Any CPU.Build.0 = Debug|Any CPU
		{ED0CE97D-42C1-4452-B652-6BD05C6215AC}.Release|Any CPU.ActiveCfg = Release|Any CPU
		{ED0CE97D-42C1-4452-B652-6BD05C6215AC}.Release|Any CPU.Build.0 = Release|Any CPU
	EndGlobalSection
	GlobalSection(SolutionProperties) = preSolution
		HideSolutionNode = FALSE
	EndGlobalSection
	GlobalSection(ExtensibilityGlobals) = postSolution
		SolutionGuid = {466C19B9-A571-41D9-87D3-8F206FB4F764}
	EndGlobalSection
EndGlobal
